
Microsoft Visual Studio Solution File, Format Version 12.00
# Visual Studio Version 17
VisualStudioVersion = 17.9.34723.18
MinimumVisualStudioVersion = 10.0.40219.1
Project("{FAE04EC0-301F-11D3-BF4B-00C04F79EFBC}") = "PersonalAccountWebAPI", "PersonalAccountWebAPI\PersonalAccountWebAPI.csproj", "{79E0D0AF-163A-41A5-AEB3-D99A2DD205F2}"
EndProject
Project("{FAE04EC0-301F-11D3-BF4B-00C04F79EFBC}") = "PersonalAccountEF", "PersonalAccountEF\PersonalAccountEF.csproj", "{1196FF19-E323-4ADE-9539-EFD545CF2BAD}"
EndProject
Global
	GlobalSection(SolutionConfigurationPlatforms) = preSolution
		Debug|Any CPU = Debug|Any CPU
		Release|Any CPU = Release|Any CPU
	EndGlobalSection
	GlobalSection(ProjectConfigurationPlatforms) = postSolution
		{79E0D0AF-163A-41A5-AEB3-D99A2DD205F2}.Debug|Any CPU.ActiveCfg = Debug|Any CPU
		{79E0D0AF-163A-41A5-AEB3-D99A2DD205F2}.Debug|Any CPU.Build.0 = Debug|Any CPU
		{79E0D0AF-163A-41A5-AEB3-D99A2DD205F2}.Release|Any CPU.ActiveCfg = Release|Any CPU
		{79E0D0AF-163A-41A5-AEB3-D99A2DD205F2}.Release|Any CPU.Build.0 = Release|Any CPU
		{1196FF19-E323-4ADE-9539-EFD545CF2BAD}.Debug|Any CPU.ActiveCfg = Debug|Any CPU
		{1196FF19-E323-4ADE-9539-EFD545CF2BAD}.Debug|Any CPU.Build.0 = Debug|Any CPU
		{1196FF19-E323-4ADE-9539-EFD545CF2BAD}.Release|Any CPU.ActiveCfg = Release|Any CPU
		{1196FF19-E323-4ADE-9539-EFD545CF2BAD}.Release|Any CPU.Build.0 = Release|Any CPU
	EndGlobalSection
	GlobalSection(SolutionProperties) = preSolution
		HideSolutionNode = FALSE
	EndGlobalSection
	GlobalSection(ExtensibilityGlobals) = postSolution
		SolutionGuid = {F6545CE2-2CF3-4348-B540-66109E17E825}
	EndGlobalSection
EndGlobal
